
Microsoft Visual Studio Solution File, Format Version 12.00
# Visual Studio Version 17
VisualStudioVersion = 17.9.34728.123
MinimumVisualStudioVersion = 10.0.40219.1
Project("{2150E333-8FDC-42A3-9474-1A3956D46DE8}") = "Services", "Services", "{0A828AA0-D116-44EF-96E6-1E4173949B56}"
EndProject
Project("{2150E333-8FDC-42A3-9474-1A3956D46DE8}") = "WebApps", "WebApps", "{91D25CA3-8004-43F1-92BF-AEF86853EE9B}"
EndProject
Project("{2150E333-8FDC-42A3-9474-1A3956D46DE8}") = "Cadastros", "Cadastros", "{5DA766AF-3CB6-4191-ACFB-89149E75EF77}"
EndProject
Project("{2150E333-8FDC-42A3-9474-1A3956D46DE8}") = "Catalogo", "Catalogo", "{A0B029BD-C142-469D-A0D6-6DC50699C770}"
EndProject
Project("{2150E333-8FDC-42A3-9474-1A3956D46DE8}") = "Core", "Core", "{BD031AD7-FBD5-4068-A88A-1FC7DA2C3EBA}"
EndProject
Project("{2150E333-8FDC-42A3-9474-1A3956D46DE8}") = "Fiscal", "Fiscal", "{FBECB059-877A-42B2-8ED6-7D23326CF70E}"
EndProject
Project("{2150E333-8FDC-42A3-9474-1A3956D46DE8}") = "Pagamentos", "Pagamentos", "{D3C89B2E-D362-461C-BEB3-57C607954613}"
EndProject
Project("{2150E333-8FDC-42A3-9474-1A3956D46DE8}") = "Vendas", "Vendas", "{E5AF5CDC-27AC-4464-A832-84D8402FB8C3}"
EndProject
Project("{2150E333-8FDC-42A3-9474-1A3956D46DE8}") = "Itens de Solução", "Itens de Solução", "{CD0C5C19-AA22-4D26-8F86-CD414F249AAC}"
	ProjectSection(SolutionItems) = preProject
		README.txt = README.txt
	EndProjectSection
EndProject
Project("{9A19103F-16F7-4668-BE54-9A1E7A4F7556}") = "NerdStore.Catalogo.Domain", "src\NerdStore.Catalogo.Domain\NerdStore.Catalogo.Domain.csproj", "{FAC7A6F4-2C53-4DC6-9F95-05265679E7E0}"
EndProject
Project("{9A19103F-16F7-4668-BE54-9A1E7A4F7556}") = "NerdStore.Core", "src\NerdStore.Core\NerdStore.Core.csproj", "{3DF0F9A3-37F1-416B-9287-14ED4269CB40}"
EndProject
Project("{2150E333-8FDC-42A3-9474-1A3956D46DE8}") = "Tests", "Tests", "{B8CF77A7-B44D-43B2-A715-F3B0249951F6}"
EndProject
Project("{FAE04EC0-301F-11D3-BF4B-00C04F79EFBC}") = "NerdStore.Catalogo.Domain.Tests", "tests\NerdStore.Catalogo.Domain.Tests\NerdStore.Catalogo.Domain.Tests.csproj", "{59DE5C1B-C481-4883-A921-800DBC2A258F}"
EndProject
Global
	GlobalSection(SolutionConfigurationPlatforms) = preSolution
		Debug|Any CPU = Debug|Any CPU
		Release|Any CPU = Release|Any CPU
	EndGlobalSection
	GlobalSection(ProjectConfigurationPlatforms) = postSolution
		{FAC7A6F4-2C53-4DC6-9F95-05265679E7E0}.Debug|Any CPU.ActiveCfg = Debug|Any CPU
		{FAC7A6F4-2C53-4DC6-9F95-05265679E7E0}.Debug|Any CPU.Build.0 = Debug|Any CPU
		{FAC7A6F4-2C53-4DC6-9F95-05265679E7E0}.Release|Any CPU.ActiveCfg = Release|Any CPU
		{FAC7A6F4-2C53-4DC6-9F95-05265679E7E0}.Release|Any CPU.Build.0 = Release|Any CPU
		{3DF0F9A3-37F1-416B-9287-14ED4269CB40}.Debug|Any CPU.ActiveCfg = Debug|Any CPU
		{3DF0F9A3-37F1-416B-9287-14ED4269CB40}.Debug|Any CPU.Build.0 = Debug|Any CPU
		{3DF0F9A3-37F1-416B-9287-14ED4269CB40}.Release|Any CPU.ActiveCfg = Release|Any CPU
		{3DF0F9A3-37F1-416B-9287-14ED4269CB40}.Release|Any CPU.Build.0 = Release|Any CPU
		{59DE5C1B-C481-4883-A921-800DBC2A258F}.Debug|Any CPU.ActiveCfg = Debug|Any CPU
		{59DE5C1B-C481-4883-A921-800DBC2A258F}.Debug|Any CPU.Build.0 = Debug|Any CPU
		{59DE5C1B-C481-4883-A921-800DBC2A258F}.Release|Any CPU.ActiveCfg = Release|Any CPU
		{59DE5C1B-C481-4883-A921-800DBC2A258F}.Release|Any CPU.Build.0 = Release|Any CPU
	EndGlobalSection
	GlobalSection(SolutionProperties) = preSolution
		HideSolutionNode = FALSE
	EndGlobalSection
	GlobalSection(NestedProjects) = preSolution
		{5DA766AF-3CB6-4191-ACFB-89149E75EF77} = {0A828AA0-D116-44EF-96E6-1E4173949B56}
		{A0B029BD-C142-469D-A0D6-6DC50699C770} = {0A828AA0-D116-44EF-96E6-1E4173949B56}
		{BD031AD7-FBD5-4068-A88A-1FC7DA2C3EBA} = {0A828AA0-D116-44EF-96E6-1E4173949B56}
		{FBECB059-877A-42B2-8ED6-7D23326CF70E} = {0A828AA0-D116-44EF-96E6-1E4173949B56}
		{D3C89B2E-D362-461C-BEB3-57C607954613} = {0A828AA0-D116-44EF-96E6-1E4173949B56}
		{E5AF5CDC-27AC-4464-A832-84D8402FB8C3} = {0A828AA0-D116-44EF-96E6-1E4173949B56}
		{FAC7A6F4-2C53-4DC6-9F95-05265679E7E0} = {A0B029BD-C142-469D-A0D6-6DC50699C770}
		{3DF0F9A3-37F1-416B-9287-14ED4269CB40} = {BD031AD7-FBD5-4068-A88A-1FC7DA2C3EBA}
		{B8CF77A7-B44D-43B2-A715-F3B0249951F6} = {A0B029BD-C142-469D-A0D6-6DC50699C770}
		{59DE5C1B-C481-4883-A921-800DBC2A258F} = {B8CF77A7-B44D-43B2-A715-F3B0249951F6}
	EndGlobalSection
	GlobalSection(ExtensibilityGlobals) = postSolution
		SolutionGuid = {80AD6E90-D051-4CE3-8EE4-7A38038B334A}
	EndGlobalSection
EndGlobal
